<?xml version="1.0" encoding="UTF-8" standalone="yes" ?>
<CodeBlocks_project_file>
	<FileVersion major="1" minor="6" />
	<Project>
		<Option title="proba" />
		<Option pch_mode="2" />
		<Option compiler="gcc" />
		<Build>
			<Target title="Debug">
				<Option output="bin/Debug/proba" prefix_auto="1" extension_auto="1" />
				<Option object_output="obj/Debug/" />
				<Option type="1" />
				<Option compiler="gcc" />
				<Compiler>
					<Add option="-g" />
				</Compiler>
			</Target>
			<Target title="Release">
				<Option output="bin/Release/proba" prefix_auto="1" extension_auto="1" />
				<Option object_output="obj/Release/" />
				<Option type="1" />
				<Option compiler="gcc" />
				<Compiler>
					<Add option="-O2" />
				</Compiler>
				<Linker>
					<Add option="-s" />
				</Linker>
			</Target>
		</Build>
		<Compiler>
			<Add option="-Wall" />
		</Compiler>
		<Unit filename="Input_ellenorzok.c">
			<Option compilerVar="CC" />
		</Unit>
		<Unit filename="Input_ellenorzok.h" />
		<Unit filename="Kereses-megtekintes_es_torles.c">
			<Option compilerVar="CC" />
		</Unit>
		<Unit filename="Kereses-megtekintes_es_torles.h" />
		<Unit filename="Struktura.c">
			<Option compilerVar="CC" />
		</Unit>
		<Unit filename="Struktura.h" />
		<Unit filename="Uj_adatok_felvetele.c">
			<Option compilerVar="CC" />
		</Unit>
		<Unit filename="Uj_adatok_felvetele.h" />
		<Unit filename="debugmalloc.h" />
		<Unit filename="main.c">
			<Option compilerVar="CC" />
		</Unit>
		<Unit filename="rajz_es_menu.c">
			<Option compilerVar="CC" />
		</Unit>
		<Unit filename="rajz_es_menu.h" />
		<Extensions>
			<lib_finder disable_auto="1" />
		</Extensions>
	</Project>
</CodeBlocks_project_file>
